
Microsoft Visual Studio Solution File, Format Version 12.00
# Visual Studio 15
VisualStudioVersion = 15.0.26124.0
MinimumVisualStudioVersion = 15.0.26124.0
Project("{2150E333-8FDC-42A3-9474-1A3956D46DE8}") = "src", "src", "{A83BFDE0-789D-4EA9-BF0D-BA7831A084EC}"
EndProject
Project("{FAE04EC0-301F-11D3-BF4B-00C04F79EFBC}") = "api", "src\api\api.csproj", "{BD68498E-BC0A-498F-90C8-A413623D6E9E}"
EndProject
Project("{FAE04EC0-301F-11D3-BF4B-00C04F79EFBC}") = "database", "src\database\database.csproj", "{F9A31C7A-C436-48FB-8655-A4C3CFC82E13}"
EndProject
Project("{FAE04EC0-301F-11D3-BF4B-00C04F79EFBC}") = "azuremigration", "datamigration\azuremigration\azuremigration.csproj", "{3F5D4DCD-AAC1-4077-BBD1-13D6DE70E1DF}"
EndProject
Project("{FAE04EC0-301F-11D3-BF4B-00C04F79EFBC}") = "domain", "src\domain\domain.csproj", "{1C75DD9B-2ABE-4FAB-98B8-AE274272C765}"
EndProject
Project("{FAE04EC0-301F-11D3-BF4B-00C04F79EFBC}") = "vinmonopoletDataImport", "datamigration\vinmonopoletDataImport\vinmonopoletDataImport.csproj", "{4BF9545C-9EF8-4AAC-A97F-8B3C5A708D50}"
EndProject
Global
	GlobalSection(SolutionConfigurationPlatforms) = preSolution
		Debug|Any CPU = Debug|Any CPU
		Debug|x64 = Debug|x64
		Debug|x86 = Debug|x86
		Release|Any CPU = Release|Any CPU
		Release|x64 = Release|x64
		Release|x86 = Release|x86
	EndGlobalSection
	GlobalSection(SolutionProperties) = preSolution
		HideSolutionNode = FALSE
	EndGlobalSection
	GlobalSection(ProjectConfigurationPlatforms) = postSolution
		{BD68498E-BC0A-498F-90C8-A413623D6E9E}.Debug|Any CPU.ActiveCfg = Debug|Any CPU
		{BD68498E-BC0A-498F-90C8-A413623D6E9E}.Debug|Any CPU.Build.0 = Debug|Any CPU
		{BD68498E-BC0A-498F-90C8-A413623D6E9E}.Debug|x64.ActiveCfg = Debug|x64
		{BD68498E-BC0A-498F-90C8-A413623D6E9E}.Debug|x64.Build.0 = Debug|x64
		{BD68498E-BC0A-498F-90C8-A413623D6E9E}.Debug|x86.ActiveCfg = Debug|x86
		{BD68498E-BC0A-498F-90C8-A413623D6E9E}.Debug|x86.Build.0 = Debug|x86
		{BD68498E-BC0A-498F-90C8-A413623D6E9E}.Release|Any CPU.ActiveCfg = Release|Any CPU
		{BD68498E-BC0A-498F-90C8-A413623D6E9E}.Release|Any CPU.Build.0 = Release|Any CPU
		{BD68498E-BC0A-498F-90C8-A413623D6E9E}.Release|x64.ActiveCfg = Release|x64
		{BD68498E-BC0A-498F-90C8-A413623D6E9E}.Release|x64.Build.0 = Release|x64
		{BD68498E-BC0A-498F-90C8-A413623D6E9E}.Release|x86.ActiveCfg = Release|x86
		{BD68498E-BC0A-498F-90C8-A413623D6E9E}.Release|x86.Build.0 = Release|x86
		{F9A31C7A-C436-48FB-8655-A4C3CFC82E13}.Debug|Any CPU.ActiveCfg = Debug|Any CPU
		{F9A31C7A-C436-48FB-8655-A4C3CFC82E13}.Debug|Any CPU.Build.0 = Debug|Any CPU
		{F9A31C7A-C436-48FB-8655-A4C3CFC82E13}.Debug|x64.ActiveCfg = Debug|x64
		{F9A31C7A-C436-48FB-8655-A4C3CFC82E13}.Debug|x64.Build.0 = Debug|x64
		{F9A31C7A-C436-48FB-8655-A4C3CFC82E13}.Debug|x86.ActiveCfg = Debug|x86
		{F9A31C7A-C436-48FB-8655-A4C3CFC82E13}.Debug|x86.Build.0 = Debug|x86
		{F9A31C7A-C436-48FB-8655-A4C3CFC82E13}.Release|Any CPU.ActiveCfg = Release|Any CPU
		{F9A31C7A-C436-48FB-8655-A4C3CFC82E13}.Release|Any CPU.Build.0 = Release|Any CPU
		{F9A31C7A-C436-48FB-8655-A4C3CFC82E13}.Release|x64.ActiveCfg = Release|x64
		{F9A31C7A-C436-48FB-8655-A4C3CFC82E13}.Release|x64.Build.0 = Release|x64
		{F9A31C7A-C436-48FB-8655-A4C3CFC82E13}.Release|x86.ActiveCfg = Release|x86
		{F9A31C7A-C436-48FB-8655-A4C3CFC82E13}.Release|x86.Build.0 = Release|x86
		{3F5D4DCD-AAC1-4077-BBD1-13D6DE70E1DF}.Debug|Any CPU.ActiveCfg = Debug|Any CPU
		{3F5D4DCD-AAC1-4077-BBD1-13D6DE70E1DF}.Debug|Any CPU.Build.0 = Debug|Any CPU
		{3F5D4DCD-AAC1-4077-BBD1-13D6DE70E1DF}.Debug|x64.ActiveCfg = Debug|x64
		{3F5D4DCD-AAC1-4077-BBD1-13D6DE70E1DF}.Debug|x64.Build.0 = Debug|x64
		{3F5D4DCD-AAC1-4077-BBD1-13D6DE70E1DF}.Debug|x86.ActiveCfg = Debug|x86
		{3F5D4DCD-AAC1-4077-BBD1-13D6DE70E1DF}.Debug|x86.Build.0 = Debug|x86
		{3F5D4DCD-AAC1-4077-BBD1-13D6DE70E1DF}.Release|Any CPU.ActiveCfg = Release|Any CPU
		{3F5D4DCD-AAC1-4077-BBD1-13D6DE70E1DF}.Release|Any CPU.Build.0 = Release|Any CPU
		{3F5D4DCD-AAC1-4077-BBD1-13D6DE70E1DF}.Release|x64.ActiveCfg = Release|x64
		{3F5D4DCD-AAC1-4077-BBD1-13D6DE70E1DF}.Release|x64.Build.0 = Release|x64
		{3F5D4DCD-AAC1-4077-BBD1-13D6DE70E1DF}.Release|x86.ActiveCfg = Release|x86
		{3F5D4DCD-AAC1-4077-BBD1-13D6DE70E1DF}.Release|x86.Build.0 = Release|x86
		{1C75DD9B-2ABE-4FAB-98B8-AE274272C765}.Debug|Any CPU.ActiveCfg = Debug|Any CPU
		{1C75DD9B-2ABE-4FAB-98B8-AE274272C765}.Debug|Any CPU.Build.0 = Debug|Any CPU
		{1C75DD9B-2ABE-4FAB-98B8-AE274272C765}.Debug|x64.ActiveCfg = Debug|x64
		{1C75DD9B-2ABE-4FAB-98B8-AE274272C765}.Debug|x64.Build.0 = Debug|x64
		{1C75DD9B-2ABE-4FAB-98B8-AE274272C765}.Debug|x86.ActiveCfg = Debug|x86
		{1C75DD9B-2ABE-4FAB-98B8-AE274272C765}.Debug|x86.Build.0 = Debug|x86
		{1C75DD9B-2ABE-4FAB-98B8-AE274272C765}.Release|Any CPU.ActiveCfg = Release|Any CPU
		{1C75DD9B-2ABE-4FAB-98B8-AE274272C765}.Release|Any CPU.Build.0 = Release|Any CPU
		{1C75DD9B-2ABE-4FAB-98B8-AE274272C765}.Release|x64.ActiveCfg = Release|x64
		{1C75DD9B-2ABE-4FAB-98B8-AE274272C765}.Release|x64.Build.0 = Release|x64
		{1C75DD9B-2ABE-4FAB-98B8-AE274272C765}.Release|x86.ActiveCfg = Release|x86
		{1C75DD9B-2ABE-4FAB-98B8-AE274272C765}.Release|x86.Build.0 = Release|x86
		{4BF9545C-9EF8-4AAC-A97F-8B3C5A708D50}.Debug|Any CPU.ActiveCfg = Debug|Any CPU
		{4BF9545C-9EF8-4AAC-A97F-8B3C5A708D50}.Debug|Any CPU.Build.0 = Debug|Any CPU
		{4BF9545C-9EF8-4AAC-A97F-8B3C5A708D50}.Debug|x64.ActiveCfg = Debug|x64
		{4BF9545C-9EF8-4AAC-A97F-8B3C5A708D50}.Debug|x64.Build.0 = Debug|x64
		{4BF9545C-9EF8-4AAC-A97F-8B3C5A708D50}.Debug|x86.ActiveCfg = Debug|x86
		{4BF9545C-9EF8-4AAC-A97F-8B3C5A708D50}.Debug|x86.Build.0 = Debug|x86
		{4BF9545C-9EF8-4AAC-A97F-8B3C5A708D50}.Release|Any CPU.ActiveCfg = Release|Any CPU
		{4BF9545C-9EF8-4AAC-A97F-8B3C5A708D50}.Release|Any CPU.Build.0 = Release|Any CPU
		{4BF9545C-9EF8-4AAC-A97F-8B3C5A708D50}.Release|x64.ActiveCfg = Release|x64
		{4BF9545C-9EF8-4AAC-A97F-8B3C5A708D50}.Release|x64.Build.0 = Release|x64
		{4BF9545C-9EF8-4AAC-A97F-8B3C5A708D50}.Release|x86.ActiveCfg = Release|x86
		{4BF9545C-9EF8-4AAC-A97F-8B3C5A708D50}.Release|x86.Build.0 = Release|x86
	EndGlobalSection
	GlobalSection(NestedProjects) = preSolution
		{BD68498E-BC0A-498F-90C8-A413623D6E9E} = {A83BFDE0-789D-4EA9-BF0D-BA7831A084EC}
		{F9A31C7A-C436-48FB-8655-A4C3CFC82E13} = {A83BFDE0-789D-4EA9-BF0D-BA7831A084EC}
		{3F5D4DCD-AAC1-4077-BBD1-13D6DE70E1DF} = {A83BFDE0-789D-4EA9-BF0D-BA7831A084EC}
		{1C75DD9B-2ABE-4FAB-98B8-AE274272C765} = {A83BFDE0-789D-4EA9-BF0D-BA7831A084EC}
		{4BF9545C-9EF8-4AAC-A97F-8B3C5A708D50} = {A83BFDE0-789D-4EA9-BF0D-BA7831A084EC}
	EndGlobalSection
EndGlobal
